// !$*UTF8*$!
{
	archiveVersion = 1;
	classes = {
	};
	objectVersion = 77;
	objects = {

/* Begin PBXContainerItemProxy section */
		B949BDBE2D0A2FBA0066D2AF /* PBXContainerItemProxy */ = {
			isa = PBXContainerItemProxy;
			containerPortal = B949BDA52D0A2FB90066D2AF /* Project object */;
			proxyType = 1;
			remoteGlobalIDString = B949BDAC2D0A2FB90066D2AF;
			remoteInfo = github;
		};
		B949BDC82D0A2FBA0066D2AF /* PBXContainerItemProxy */ = {
			isa = PBXContainerItemProxy;
			containerPortal = B949BDA52D0A2FB90066D2AF /* Project object */;
			proxyType = 1;
			remoteGlobalIDString = B949BDAC2D0A2FB90066D2AF;
			remoteInfo = github;
		};
/* End PBXContainerItemProxy section */

/* Begin PBXFileReference section */
		B949BDAD2D0A2FB90066D2AF /* github.app */ = {isa = PBXFileReference; explicitFileType = wrapper.application; includeInIndex = 0; path = github.app; sourceTree = BUILT_PRODUCTS_DIR; };
		B949BDBD2D0A2FBA0066D2AF /* githubTests.xctest */ = {isa = PBXFileReference; explicitFileType = wrapper.cfbundle; includeInIndex = 0; path = githubTests.xctest; sourceTree = BUILT_PRODUCTS_DIR; };
		B949BDC72D0A2FBA0066D2AF /* githubUITests.xctest */ = {isa = PBXFileReference; explicitFileType = wrapper.cfbundle; includeInIndex = 0; path = githubUITests.xctest; sourceTree = BUILT_PRODUCTS_DIR; };
/* End PBXFileReference section */

/* Begin PBXFileSystemSynchronizedRootGroup section */
		B949BDAF2D0A2FB90066D2AF /* github */ = {
			isa = PBXFileSystemSynchronizedRootGroup;
			path = github;
			sourceTree = "<group>";
		};
		B949BDC02D0A2FBA0066D2AF /* githubTests */ = {
			isa = PBXFileSystemSynchronizedRootGroup;
			path = githubTests;
			sourceTree = "<group>";
		};
		B949BDCA2D0A2FBA0066D2AF /* githubUITests */ = {
			isa = PBXFileSystemSynchronizedRootGroup;
			path = githubUITests;
			sourceTree = "<group>";
		};
/* End PBXFileSystemSynchronizedRootGroup section */

/* Begin PBXFrameworksBuildPhase section */
		B949BDAA2D0A2FB90066D2AF /* Frameworks */ = {
			isa = PBXFrameworksBuildPhase;
			buildActionMask = 2147483647;
			files = (
			);
			runOnlyForDeploymentPostprocessing = 0;
		};
		B949BDBA2D0A2FBA0066D2AF /* Frameworks */ = {
			isa = PBXFrameworksBuildPhase;
			buildActionMask = 2147483647;
			files = (
			);
			runOnlyForDeploymentPostprocessing = 0;
		};
		B949BDC42D0A2FBA0066D2AF /* Frameworks */ = {
			isa = PBXFrameworksBuildPhase;
			buildActionMask = 2147483647;
			files = (
			);
			runOnlyForDeploymentPostprocessing = 0;
		};
/* End PBXFrameworksBuildPhase section */

/* Begin PBXGroup section */
		B949BDA42D0A2FB90066D2AF = {
			isa = PBXGroup;
			children = (
				B949BDAF2D0A2FB90066D2AF /* github */,
				B949BDC02D0A2FBA0066D2AF /* githubTests */,
				B949BDCA2D0A2FBA0066D2AF /* githubUITests */,
				B949BDAE2D0A2FB90066D2AF /* Products */,
			);
			sourceTree = "<group>";
		};
		B949BDAE2D0A2FB90066D2AF /* Products */ = {
			isa = PBXGroup;
			children = (
				B949BDAD2D0A2FB90066D2AF /* github.app */,
				B949BDBD2D0A2FBA0066D2AF /* githubTests.xctest */,
				B949BDC72D0A2FBA0066D2AF /* githubUITests.xctest */,
			);
			name = Products;
			sourceTree = "<group>";
		};
/* End PBXGroup section */

/* Begin PBXNativeTarget section */
		B949BDAC2D0A2FB90066D2AF /* github */ = {
			isa = PBXNativeTarget;
			buildConfigurationList = B949BDD12D0A2FBA0066D2AF /* Build configuration list for PBXNativeTarget "github" */;
			buildPhases = (
				B949BDA92D0A2FB90066D2AF /* Sources */,
				B949BDAA2D0A2FB90066D2AF /* Frameworks */,
				B949BDAB2D0A2FB90066D2AF /* Resources */,
			);
			buildRules = (
			);
			dependencies = (
			);
			fileSystemSynchronizedGroups = (
				B949BDAF2D0A2FB90066D2AF /* github */,
			);
			name = github;
			packageProductDependencies = (
			);
			productName = github;
			productReference = B949BDAD2D0A2FB90066D2AF /* github.app */;
			productType = "com.apple.product-type.application";
		};
		B949BDBC2D0A2FBA0066D2AF /* githubTests */ = {
			isa = PBXNativeTarget;
			buildConfigurationList = B949BDD42D0A2FBA0066D2AF /* Build configuration list for PBXNativeTarget "githubTests" */;
			buildPhases = (
				B949BDB92D0A2FBA0066D2AF /* Sources */,
				B949BDBA2D0A2FBA0066D2AF /* Frameworks */,
				B949BDBB2D0A2FBA0066D2AF /* Resources */,
			);
			buildRules = (
			);
			dependencies = (
				B949BDBF2D0A2FBA0066D2AF /* PBXTargetDependency */,
			);
			fileSystemSynchronizedGroups = (
				B949BDC02D0A2FBA0066D2AF /* githubTests */,
			);
			name = githubTests;
			packageProductDependencies = (
			);
			productName = githubTests;
			productReference = B949BDBD2D0A2FBA0066D2AF /* githubTests.xctest */;
			productType = "com.apple.product-type.bundle.unit-test";
		};
		B949BDC62D0A2FBA0066D2AF /* githubUITests */ = {
			isa = PBXNativeTarget;
			buildConfigurationList = B949BDD72D0A2FBA0066D2AF /* Build configuration list for PBXNativeTarget "githubUITests" */;
			buildPhases = (
				B949BDC32D0A2FBA0066D2AF /* Sources */,
				B949BDC42D0A2FBA0066D2AF /* Frameworks */,
				B949BDC52D0A2FBA0066D2AF /* Resources */,
			);
			buildRules = (
			);
			dependencies = (
				B949BDC92D0A2FBA0066D2AF /* PBXTargetDependency */,
			);
			fileSystemSynchronizedGroups = (
				B949BDCA2D0A2FBA0066D2AF /* githubUITests */,
			);
			name = githubUITests;
			packageProductDependencies = (
			);
			productName = githubUITests;
			productReference = B949BDC72D0A2FBA0066D2AF /* githubUITests.xctest */;
			productType = "com.apple.product-type.bundle.ui-testing";
		};
/* End PBXNativeTarget section */

/* Begin PBXProject section */
		B949BDA52D0A2FB90066D2AF /* Project object */ = {
			isa = PBXProject;
			attributes = {
				BuildIndependentTargetsInParallel = 1;
				LastSwiftUpdateCheck = 1600;
				LastUpgradeCheck = 1600;
				TargetAttributes = {
					B949BDAC2D0A2FB90066D2AF = {
						CreatedOnToolsVersion = 16.0;
					};
					B949BDBC2D0A2FBA0066D2AF = {
						CreatedOnToolsVersion = 16.0;
						TestTargetID = B949BDAC2D0A2FB90066D2AF;
					};
					B949BDC62D0A2FBA0066D2AF = {
						CreatedOnToolsVersion = 16.0;
						TestTargetID = B949BDAC2D0A2FB90066D2AF;
					};
				};
			};
			buildConfigurationList = B949BDA82D0A2FB90066D2AF /* Build configuration list for PBXProject "github" */;
			developmentRegion = en;
			hasScannedForEncodings = 0;
			knownRegions = (
				en,
				Base,
			);
			mainGroup = B949BDA42D0A2FB90066D2AF;
			minimizedProjectReferenceProxies = 1;
			preferredProjectObjectVersion = 77;
			productRefGroup = B949BDAE2D0A2FB90066D2AF /* Products */;
			projectDirPath = "";
			projectRoot = "";
			targets = (
				B949BDAC2D0A2FB90066D2AF /* github */,
				B949BDBC2D0A2FBA0066D2AF /* githubTests */,
				B949BDC62D0A2FBA0066D2AF /* githubUITests */,
			);
		};
/* End PBXProject section */

/* Begin PBXResourcesBuildPhase section */
		B949BDAB2D0A2FB90066D2AF /* Resources */ = {
			isa = PBXResourcesBuildPhase;
			buildActionMask = 2147483647;
			files = (
			);
			runOnlyForDeploymentPostprocessing = 0;
		};
		B949BDBB2D0A2FBA0066D2AF /* Resources */ = {
			isa = PBXResourcesBuildPhase;
			buildActionMask = 2147483647;
			files = (
			);
			runOnlyForDeploymentPostprocessing = 0;
		};
		B949BDC52D0A2FBA0066D2AF /* Resources */ = {
			isa = PBXResourcesBuildPhase;
			buildActionMask = 2147483647;
			files = (
			);
			runOnlyForDeploymentPostprocessing = 0;
		};
/* End PBXResourcesBuildPhase section */

/* Begin PBXSourcesBuildPhase section */
		B949BDA92D0A2FB90066D2AF /* Sources */ = {
			isa = PBXSourcesBuildPhase;
			buildActionMask = 2147483647;
			files = (
			);
			runOnlyForDeploymentPostprocessing = 0;
		};
		B949BDB92D0A2FBA0066D2AF /* Sources */ = {
			isa = PBXSourcesBuildPhase;
			buildActionMask = 2147483647;
			files = (
			);
			runOnlyForDeploymentPostprocessing = 0;
		};
		B949BDC32D0A2FBA0066D2AF /* Sources */ = {
			isa = PBXSourcesBuildPhase;
			buildActionMask = 2147483647;
			files = (
			);
			runOnlyForDeploymentPostprocessing = 0;
		};
/* End PBXSourcesBuildPhase section */

/* Begin PBXTargetDependency section */
		B949BDBF2D0A2FBA0066D2AF /* PBXTargetDependency */ = {
			isa = PBXTargetDependency;
			target = B949BDAC2D0A2FB90066D2AF /* github */;
			targetProxy = B949BDBE2D0A2FBA0066D2AF /* PBXContainerItemProxy */;
		};
		B949BDC92D0A2FBA0066D2AF /* PBXTargetDependency */ = {
			isa = PBXTargetDependency;
			target = B949BDAC2D0A2FB90066D2AF /* github */;
			targetProxy = B949BDC82D0A2FBA0066D2AF /* PBXContainerItemProxy */;
		};
/* End PBXTargetDependency section */

/* Begin XCBuildConfiguration section */
		B949BDCF2D0A2FBA0066D2AF /* Debug */ = {
			isa = XCBuildConfiguration;
			buildSettings = {
				ALWAYS_SEARCH_USER_PATHS = NO;
				ASSETCATALOG_COMPILER_GENERATE_SWIFT_ASSET_SYMBOL_EXTENSIONS = YES;
				CLANG_ANALYZER_NONNULL = YES;
				CLANG_ANALYZER_NUMBER_OBJECT_CONVERSION = YES_AGGRESSIVE;
				CLANG_CXX_LANGUAGE_STANDARD = "gnu++20";
				CLANG_ENABLE_MODULES = YES;
				CLANG_ENABLE_OBJC_ARC = YES;
				CLANG_ENABLE_OBJC_WEAK = YES;
				CLANG_WARN_BLOCK_CAPTURE_AUTORELEASING = YES;
				CLANG_WARN_BOOL_CONVERSION = YES;
				CLANG_WARN_COMMA = YES;
				CLANG_WARN_CONSTANT_CONVERSION = YES;
				CLANG_WARN_DEPRECATED_OBJC_IMPLEMENTATIONS = YES;
				CLANG_WARN_DIRECT_OBJC_ISA_USAGE = YES_ERROR;
				CLANG_WARN_DOCUMENTATION_COMMENTS = YES;
				CLANG_WARN_EMPTY_BODY = YES;
				CLANG_WARN_ENUM_CONVERSION = YES;
				CLANG_WARN_INFINITE_RECURSION = YES;
				CLANG_WARN_INT_CONVERSION = YES;
				CLANG_WARN_NON_LITERAL_NULL_CONVERSION = YES;
				CLANG_WARN_OBJC_IMPLICIT_RETAIN_SELF = YES;
				CLANG_WARN_OBJC_LITERAL_CONVERSION = YES;
				CLANG_WARN_OBJC_ROOT_CLASS = YES_ERROR;
				CLANG_WARN_QUOTED_INCLUDE_IN_FRAMEWORK_HEADER = YES;
				CLANG_WARN_RANGE_LOOP_ANALYSIS = YES;
				CLANG_WARN_STRICT_PROTOTYPES = YES;
				CLANG_WARN_SUSPICIOUS_MOVE = YES;
				CLANG_WARN_UNGUARDED_AVAILABILITY = YES_AGGRESSIVE;
				CLANG_WARN_UNREACHABLE_CODE = YES;
				CLANG_WARN__DUPLICATE_METHOD_MATCH = YES;
				COPY_PHASE_STRIP = NO;
				DEBUG_INFORMATION_FORMAT = dwarf;
				ENABLE_STRICT_OBJC_MSGSEND = YES;
				ENABLE_TESTABILITY = YES;
				ENABLE_USER_SCRIPT_SANDBOXING = YES;
				GCC_C_LANGUAGE_STANDARD = gnu17;
				GCC_DYNAMIC_NO_PIC = NO;
				GCC_NO_COMMON_BLOCKS = YES;
				GCC_OPTIMIZATION_LEVEL = 0;
				GCC_PREPROCESSOR_DEFINITIONS = (
					"DEBUG=1",
					"$(inherited)",
				);
				GCC_WARN_64_TO_32_BIT_CONVERSION = YES;
				GCC_WARN_ABOUT_RETURN_TYPE = YES_ERROR;
				GCC_WARN_UNDECLARED_SELECTOR = YES;
				GCC_WARN_UNINITIALIZED_AUTOS = YES_AGGRESSIVE;
				GCC_WARN_UNUSED_FUNCTION = YES;
				GCC_WARN_UNUSED_VARIABLE = YES;
				IPHONEOS_DEPLOYMENT_TARGET = 18.0;
				LOCALIZATION_PREFERS_STRING_CATALOGS = YES;
				MTL_ENABLE_DEBUG_INFO = INCLUDE_SOURCE;
				MTL_FAST_MATH = YES;
				ONLY_ACTIVE_ARCH = YES;
				SDKROOT = iphoneos;
				SWIFT_ACTIVE_COMPILATION_CONDITIONS = "DEBUG $(inherited)";
				SWIFT_OPTIMIZATION_LEVEL = "-Onone";
			};
			name = Debug;
		};
		B949BDD02D0A2FBA0066D2AF /* Release */ = {
			isa = XCBuildConfiguration;
			buildSettings = {
				ALWAYS_SEARCH_USER_PATHS = NO;
				ASSETCATALOG_COMPILER_GENERATE_SWIFT_ASSET_SYMBOL_EXTENSIONS = YES;
				CLANG_ANALYZER_NONNULL = YES;
				CLANG_ANALYZER_NUMBER_OBJECT_CONVERSION = YES_AGGRESSIVE;
				CLANG_CXX_LANGUAGE_STANDARD = "gnu++20";
				CLANG_ENABLE_MODULES = YES;
				CLANG_ENABLE_OBJC_ARC = YES;
				CLANG_ENABLE_OBJC_WEAK = YES;
				CLANG_WARN_BLOCK_CAPTURE_AUTORELEASING = YES;
				CLANG_WARN_BOOL_CONVERSION = YES;
				CLANG_WARN_COMMA = YES;
				CLANG_WARN_CONSTANT_CONVERSION = YES;
				CLANG_WARN_DEPRECATED_OBJC_IMPLEMENTATIONS = YES;
				CLANG_WARN_DIRECT_OBJC_ISA_USAGE = YES_ERROR;
				CLANG_WARN_DOCUMENTATION_COMMENTS = YES;
				CLANG_WARN_EMPTY_BODY = YES;
				CLANG_WARN_ENUM_CONVERSION = YES;
				CLANG_WARN_INFINITE_RECURSION = YES;
				CLANG_WARN_INT_CONVERSION = YES;
				CLANG_WARN_NON_LITERAL_NULL_CONVERSION = YES;
				CLANG_WARN_OBJC_IMPLICIT_RETAIN_SELF = YES;
				CLANG_WARN_OBJC_LITERAL_CONVERSION = YES;
				CLANG_WARN_OBJC_ROOT_CLASS = YES_ERROR;
				CLANG_WARN_QUOTED_INCLUDE_IN_FRAMEWORK_HEADER = YES;
				CLANG_WARN_RANGE_LOOP_ANALYSIS = YES;
				CLANG_WARN_STRICT_PROTOTYPES = YES;
				CLANG_WARN_SUSPICIOUS_MOVE = YES;
				CLANG_WARN_UNGUARDED_AVAILABILITY = YES_AGGRESSIVE;
				CLANG_WARN_UNREACHABLE_CODE = YES;
				CLANG_WARN__DUPLICATE_METHOD_MATCH = YES;
				COPY_PHASE_STRIP = NO;
				DEBUG_INFORMATION_FORMAT = "dwarf-with-dsym";
				ENABLE_NS_ASSERTIONS = NO;
				ENABLE_STRICT_OBJC_MSGSEND = YES;
				ENABLE_USER_SCRIPT_SANDBOXING = YES;
				GCC_C_LANGUAGE_STANDARD = gnu17;
				GCC_NO_COMMON_BLOCKS = YES;
				GCC_WARN_64_TO_32_BIT_CONVERSION = YES;
				GCC_WARN_ABOUT_RETURN_TYPE = YES_ERROR;
				GCC_WARN_UNDECLARED_SELECTOR = YES;
				GCC_WARN_UNINITIALIZED_AUTOS = YES_AGGRESSIVE;
				GCC_WARN_UNUSED_FUNCTION = YES;
				GCC_WARN_UNUSED_VARIABLE = YES;
				IPHONEOS_DEPLOYMENT_TARGET = 18.0;
				LOCALIZATION_PREFERS_STRING_CATALOGS = YES;
				MTL_ENABLE_DEBUG_INFO = NO;
				MTL_FAST_MATH = YES;
				SDKROOT = iphoneos;
				SWIFT_COMPILATION_MODE = wholemodule;
				VALIDATE_PRODUCT = YES;
			};
			name = Release;
		};
		B949BDD22D0A2FBA0066D2AF /* Debug */ = {
			isa = XCBuildConfiguration;
			buildSettings = {
				ASSETCATALOG_COMPILER_APPICON_NAME = AppIcon;
				ASSETCATALOG_COMPILER_GLOBAL_ACCENT_COLOR_NAME = AccentColor;
				CODE_SIGN_STYLE = Automatic;
				CURRENT_PROJECT_VERSION = 1;
				DEVELOPMENT_ASSET_PATHS = "\"github/Preview Content\"";
				ENABLE_PREVIEWS = YES;
				GENERATE_INFOPLIST_FILE = YES;
				INFOPLIST_KEY_UIApplicationSceneManifest_Generation = YES;
				INFOPLIST_KEY_UIApplicationSupportsIndirectInputEvents = YES;
				INFOPLIST_KEY_UILaunchScreen_Generation = YES;
				INFOPLIST_KEY_UISupportedInterfaceOrientations_iPad = "UIInterfaceOrientationPortrait UIInterfaceOrientationPortraitUpsideDown UIInterfaceOrientationLandscapeLeft UIInterfaceOrientationLandscapeRight";
				INFOPLIST_KEY_UISupportedInterfaceOrientations_iPhone = "UIInterfaceOrientationPortrait UIInterfaceOrientationLandscapeLeft UIInterfaceOrientationLandscapeRight";
				LD_RUNPATH_SEARCH_PATHS = (
					"$(inherited)",
					"@executable_path/Frameworks",
				);
				MARKETING_VERSION = 1.0;
				PRODUCT_BUNDLE_IDENTIFIER = "add-photos.github";
				PRODUCT_NAME = "$(TARGET_NAME)";
				SWIFT_EMIT_LOC_STRINGS = YES;
				SWIFT_VERSION = 5.0;
				TARGETED_DEVICE_FAMILY = "1,2";
			};
			name = Debug;
		};
		B949BDD32D0A2FBA0066D2AF /* Release */ = {
			isa = XCBuildConfiguration;
			buildSettings = {
				ASSETCATALOG_COMPILER_APPICON_NAME = AppIcon;
				ASSETCATALOG_COMPILER_GLOBAL_ACCENT_COLOR_NAME = AccentColor;
				CODE_SIGN_STYLE = Automatic;
				CURRENT_PROJECT_VERSION = 1;
				DEVELOPMENT_ASSET_PATHS = "\"github/Preview Content\"";
				ENABLE_PREVIEWS = YES;
				GENERATE_INFOPLIST_FILE = YES;
				INFOPLIST_KEY_UIApplicationSceneManifest_Generation = YES;
				INFOPLIST_KEY_UIApplicationSupportsIndirectInputEvents = YES;
				INFOPLIST_KEY_UILaunchScreen_Generation = YES;
				INFOPLIST_KEY_UISupportedInterfaceOrientations_iPad = "UIInterfaceOrientationPortrait UIInterfaceOrientationPortraitUpsideDown UIInterfaceOrientationLandscapeLeft UIInterfaceOrientationLandscapeRight";
				INFOPLIST_KEY_UISupportedInterfaceOrientations_iPhone = "UIInterfaceOrientationPortrait UIInterfaceOrientationLandscapeLeft UIInterfaceOrientationLandscapeRight";
				LD_RUNPATH_SEARCH_PATHS = (
					"$(inherited)",
					"@executable_path/Frameworks",
				);
				MARKETING_VERSION = 1.0;
				PRODUCT_BUNDLE_IDENTIFIER = "add-photos.github";
				PRODUCT_NAME = "$(TARGET_NAME)";
				SWIFT_EMIT_LOC_STRINGS = YES;
				SWIFT_VERSION = 5.0;
				TARGETED_DEVICE_FAMILY = "1,2";
			};
			name = Release;
		};
		B949BDD52D0A2FBA0066D2AF /* Debug */ = {
			isa = XCBuildConfiguration;
			buildSettings = {
				BUNDLE_LOADER = "$(TEST_HOST)";
				CODE_SIGN_STYLE = Automatic;
				CURRENT_PROJECT_VERSION = 1;
				GENERATE_INFOPLIST_FILE = YES;
				IPHONEOS_DEPLOYMENT_TARGET = 18.0;
				MARKETING_VERSION = 1.0;
				PRODUCT_BUNDLE_IDENTIFIER = "add-photos.githubTests";
				PRODUCT_NAME = "$(TARGET_NAME)";
				SWIFT_EMIT_LOC_STRINGS = NO;
				SWIFT_VERSION = 5.0;
				TARGETED_DEVICE_FAMILY = "1,2";
				TEST_HOST = "$(BUILT_PRODUCTS_DIR)/github.app/$(BUNDLE_EXECUTABLE_FOLDER_PATH)/github";
			};
			name = Debug;
		};
		B949BDD62D0A2FBA0066D2AF /* Release */ = {
			isa = XCBuildConfiguration;
			buildSettings = {
				BUNDLE_LOADER = "$(TEST_HOST)";
				CODE_SIGN_STYLE = Automatic;
				CURRENT_PROJECT_VERSION = 1;
				GENERATE_INFOPLIST_FILE = YES;
				IPHONEOS_DEPLOYMENT_TARGET = 18.0;
				MARKETING_VERSION = 1.0;
				PRODUCT_BUNDLE_IDENTIFIER = "add-photos.githubTests";
				PRODUCT_NAME = "$(TARGET_NAME)";
				SWIFT_EMIT_LOC_STRINGS = NO;
				SWIFT_VERSION = 5.0;
				TARGETED_DEVICE_FAMILY = "1,2";
				TEST_HOST = "$(BUILT_PRODUCTS_DIR)/github.app/$(BUNDLE_EXECUTABLE_FOLDER_PATH)/github";
			};
			name = Release;
		};
		B949BDD82D0A2FBA0066D2AF /* Debug */ = {
			isa = XCBuildConfiguration;
			buildSettings = {
				CODE_SIGN_STYLE = Automatic;
				CURRENT_PROJECT_VERSION = 1;
				GENERATE_INFOPLIST_FILE = YES;
				MARKETING_VERSION = 1.0;
				PRODUCT_BUNDLE_IDENTIFIER = "add-photos.githubUITests";
				PRODUCT_NAME = "$(TARGET_NAME)";
				SWIFT_EMIT_LOC_STRINGS = NO;
				SWIFT_VERSION = 5.0;
				TARGETED_DEVICE_FAMILY = "1,2";
				TEST_TARGET_NAME = github;
			};
			name = Debug;
		};
		B949BDD92D0A2FBA0066D2AF /* Release */ = {
			isa = XCBuildConfiguration;
			buildSettings = {
				CODE_SIGN_STYLE = Automatic;
				CURRENT_PROJECT_VERSION = 1;
				GENERATE_INFOPLIST_FILE = YES;
				MARKETING_VERSION = 1.0;
				PRODUCT_BUNDLE_IDENTIFIER = "add-photos.githubUITests";
				PRODUCT_NAME = "$(TARGET_NAME)";
				SWIFT_EMIT_LOC_STRINGS = NO;
				SWIFT_VERSION = 5.0;
				TARGETED_DEVICE_FAMILY = "1,2";
				TEST_TARGET_NAME = github;
			};
			name = Release;
		};
/* End XCBuildConfiguration section */

/* Begin XCConfigurationList section */
		B949BDA82D0A2FB90066D2AF /* Build configuration list for PBXProject "github" */ = {
			isa = XCConfigurationList;
			buildConfigurations = (
				B949BDCF2D0A2FBA0066D2AF /* Debug */,
				B949BDD02D0A2FBA0066D2AF /* Release */,
			);
			defaultConfigurationIsVisible = 0;
			defaultConfigurationName = Release;
		};
		B949BDD12D0A2FBA0066D2AF /* Build configuration list for PBXNativeTarget "github" */ = {
			isa = XCConfigurationList;
			buildConfigurations = (
				B949BDD22D0A2FBA0066D2AF /* Debug */,
				B949BDD32D0A2FBA0066D2AF /* Release */,
			);
			defaultConfigurationIsVisible = 0;
			defaultConfigurationName = Release;
		};
		B949BDD42D0A2FBA0066D2AF /* Build configuration list for PBXNativeTarget "githubTests" */ = {
			isa = XCConfigurationList;
			buildConfigurations = (
				B949BDD52D0A2FBA0066D2AF /* Debug */,
				B949BDD62D0A2FBA0066D2AF /* Release */,
			);
			defaultConfigurationIsVisible = 0;
			defaultConfigurationName = Release;
		};
		B949BDD72D0A2FBA0066D2AF /* Build configuration list for PBXNativeTarget "githubUITests" */ = {
			isa = XCConfigurationList;
			buildConfigurations = (
				B949BDD82D0A2FBA0066D2AF /* Debug */,
				B949BDD92D0A2FBA0066D2AF /* Release */,
			);
			defaultConfigurationIsVisible = 0;
			defaultConfigurationName = Release;
		};
/* End XCConfigurationList section */
	};
	rootObject = B949BDA52D0A2FB90066D2AF /* Project object */;
}
